PODS:
  - AFDateHelper (4.2.7)
  - Alamofire (4.7.2)
  - FontAwesome.swift (1.3.2)
  - Realm (3.5.0):
    - Realm/Headers (= 3.5.0)
  - Realm/Headers (3.5.0)
  - RealmSwift (3.5.0):
    - Realm (= 3.5.0)
  - SwiftLint (0.25.1)

DEPENDENCIES:
  - AFDateHelper (~> 4.2.2)
  - Alamofire (~> 4.5)
  - FontAwesome.swift (~> 1.3)
  - RealmSwift (~> 3.3)
  - SwiftLint

SPEC REPOS:
  https://github.com/CocoaPods/Specs.git:
    - AFDateHelper
    - Alamofire
    - FontAwesome.swift
    - Realm
    - RealmSwift
    - SwiftLint

SPEC CHECKSUMS:
  AFDateHelper: 4ad66fb19503041fbba8a3018cb7ef9c71b2ff88
  Alamofire: e4fa87002c137ba2d8d634d2c51fabcda0d5c223
  FontAwesome.swift: b4e4c8ccbbecb12f9b592bc533ff237af3706667
  Realm: 0378021c424e4e2bd6a0e63b27881e929d9b9ad1
  RealmSwift: 3322562622fda2ad596985ead4d8d8be30cf838c
  SwiftLint: ce933681be10c3266e82576dad676fa815a602e9

PODFILE CHECKSUM: d62dc8539a18f59cccbf4a6ea78dc2da46fe7b4e

COCOAPODS: 1.5.0
