PODS:
  - AFDateHelper (4.3.0)
  - Alamofire (5.4.2)
  - FontAwesome.swift (1.9.1)
  - Realm (10.7.2):
    - Realm/Headers (= 10.7.2)
  - Realm/Headers (10.7.2)
  - RealmSwift (10.7.2):
    - Realm (= 10.7.2)
  - SwiftLint (0.43.1)

DEPENDENCIES:
  - AFDateHelper (~> 4.3.0)
  - Alamofire (= 5.4.2)
  - FontAwesome.swift (= 1.9.1)
  - RealmSwift (= 10.7.2)
  - SwiftLint (= 0.43.1)

SPEC REPOS:
  trunk:
    - AFDateHelper
    - Alamofire
    - FontAwesome.swift
    - Realm
    - RealmSwift
    - SwiftLint

SPEC CHECKSUMS:
  AFDateHelper: b769c07d3d4784ee9a74633285304261bb27dc52
  Alamofire: bfbc4c2fe5909b1d94fb4ef2277c6b3727ef5dae
  FontAwesome.swift: 6b52cb7be66eacd28cbfaa0ca7ffd0de4a186a1d
  Realm: e523da9ade306c5ae87e85dc09fdef148d3e1cc1
  RealmSwift: 4f6758c3adbdcc87f7b7777107226532a077f61c
  SwiftLint: 99f82d07b837b942dd563c668de129a03fc3fb52

PODFILE CHECKSUM: 79a0a3eaa527286ae799278b18e2dc785e048920

COCOAPODS: 1.10.1
